# @generated by Move, please check-in and do not edit manually.

[move]
version = 3
manifest_digest = "2B45D047C430D635A24B1D82D844E88659B832A2590EEB55A108ACDDE01791D7"
deps_digest = "F8BBB0CCB2491CA29A3DF03D6F92277A4F3574266507ACD77214D37ECA3F3082"
dependencies = [
  { id = "Sui", name = "Sui" },
]

[[move.package]]
id = "MoveStdlib"
source = { git = "https://github.com/MystenLabs/sui.git", rev = "framework/testnet", subdir = "crates\\sui-framework\\packages\\move-stdlib" }

[[move.package]]
id = "Sui"
source = { git = "https://github.com/MystenLabs/sui.git", rev = "framework/testnet", subdir = "crates/sui-framework/packages/sui-framework" }

dependencies = [
  { id = "MoveStdlib", name = "MoveStdlib" },
]

[move.toolchain-version]
compiler-version = "1.49.1"
edition = "2024.beta"
flavor = "sui"

[env]

[env.testnet]
chain-id = "4c78adac"
original-published-id = "0x330c24612863f90a6f8095b279d95b62c4b3ceab2a7e8660b5fde213e5c9143b"
latest-published-id = "0x330c24612863f90a6f8095b279d95b62c4b3ceab2a7e8660b5fde213e5c9143b"
published-version = "1"
